
Microsoft Visual Studio Solution File, Format Version 12.00
# Visual Studio Version 16
VisualStudioVersion = 16.0.31205.134
MinimumVisualStudioVersion = 10.0.40219.1
Project("{FAE04EC0-301F-11D3-BF4B-00C04F79EFBC}") = "Vidly", "Vidly.csproj", "{0FBC1B9E-0275-4B0B-BE4E-BA35DBBE7CD6}"
EndProject
Global
	GlobalSection(SolutionConfigurationPlatforms) = preSolution
		Debug|Any CPU = Debug|Any CPU
		Release|Any CPU = Release|Any CPU
	EndGlobalSection
	GlobalSection(ProjectConfigurationPlatforms) = postSolution
		{0FBC1B9E-0275-4B0B-BE4E-BA35DBBE7CD6}.Debug|Any CPU.ActiveCfg = Debug|Any CPU
		{0FBC1B9E-0275-4B0B-BE4E-BA35DBBE7CD6}.Debug|Any CPU.Build.0 = Debug|Any CPU
		{0FBC1B9E-0275-4B0B-BE4E-BA35DBBE7CD6}.Release|Any CPU.ActiveCfg = Release|Any CPU
		{0FBC1B9E-0275-4B0B-BE4E-BA35DBBE7CD6}.Release|Any CPU.Build.0 = Release|Any CPU
	EndGlobalSection
	GlobalSection(SolutionProperties) = preSolution
		HideSolutionNode = FALSE
	EndGlobalSection
	GlobalSection(ExtensibilityGlobals) = postSolution
		SolutionGuid = {1B70556E-BF25-4A82-BB36-5484ACBCF442}
	EndGlobalSection
EndGlobal
